// !$*UTF8*$!
{
	archiveVersion = 1;
	classes = {
	};
	objectVersion = 50;
	objects = {

/* Begin PBXBuildFile section */
		840702E223EAB28A00370C75 /* AppDelegate.swift in Sources */ = {isa = PBXBuildFile; fileRef = 840702E123EAB28A00370C75 /* AppDelegate.swift */; };
		840702E423EAB28A00370C75 /* SceneDelegate.swift in Sources */ = {isa = PBXBuildFile; fileRef = 840702E323EAB28A00370C75 /* SceneDelegate.swift */; };
		840702E623EAB28A00370C75 /* ViewController.swift in Sources */ = {isa = PBXBuildFile; fileRef = 840702E523EAB28A00370C75 /* ViewController.swift */; };
		840702E923EAB28A00370C75 /* Main.storyboard in Resources */ = {isa = PBXBuildFile; fileRef = 840702E723EAB28A00370C75 /* Main.storyboard */; };
		840702EB23EAB28B00370C75 /* Assets.xcassets in Resources */ = {isa = PBXBuildFile; fileRef = 840702EA23EAB28B00370C75 /* Assets.xcassets */; };
		840702EE23EAB28B00370C75 /* LaunchScreen.storyboard in Resources */ = {isa = PBXBuildFile; fileRef = 840702EC23EAB28B00370C75 /* LaunchScreen.storyboard */; };
		840702F923EAB28B00370C75 /* flixsterTests.swift in Sources */ = {isa = PBXBuildFile; fileRef = 840702F823EAB28B00370C75 /* flixsterTests.swift */; };
		8407030423EAB28B00370C75 /* flixsterUITests.swift in Sources */ = {isa = PBXBuildFile; fileRef = 8407030323EAB28B00370C75 /* flixsterUITests.swift */; };
/* End PBXBuildFile section */

/* Begin PBXContainerItemProxy section */
		840702F523EAB28B00370C75 /* PBXContainerItemProxy */ = {
			isa = PBXContainerItemProxy;
			containerPortal = 840702D623EAB28A00370C75 /* Project object */;
			proxyType = 1;
			remoteGlobalIDString = 840702DD23EAB28A00370C75;
			remoteInfo = flixster;
		};
		8407030023EAB28B00370C75 /* PBXContainerItemProxy */ = {
			isa = PBXContainerItemProxy;
			containerPortal = 840702D623EAB28A00370C75 /* Project object */;
			proxyType = 1;
			remoteGlobalIDString = 840702DD23EAB28A00370C75;
			remoteInfo = flixster;
		};
/* End PBXContainerItemProxy section */

/* Begin PBXFileReference section */
		840702DE23EAB28A00370C75 /* flixster.app */ = {isa = PBXFileReference; explicitFileType = wrapper.application; includeInIndex = 0; path = flixster.app; sourceTree = BUILT_PRODUCTS_DIR; };
		840702E123EAB28A00370C75 /* AppDelegate.swift */ = {isa = PBXFileReference; lastKnownFileType = sourcecode.swift; path = AppDelegate.swift; sourceTree = "<group>"; };
		840702E323EAB28A00370C75 /* SceneDelegate.swift */ = {isa = PBXFileReference; lastKnownFileType = sourcecode.swift; path = SceneDelegate.swift; sourceTree = "<group>"; };
		840702E523EAB28A00370C75 /* ViewController.swift */ = {isa = PBXFileReference; lastKnownFileType = sourcecode.swift; path = ViewController.swift; sourceTree = "<group>"; };
		840702E823EAB28A00370C75 /* Base */ = {isa = PBXFileReference; lastKnownFileType = file.storyboard; name = Base; path = Base.lproj/Main.storyboard; sourceTree = "<group>"; };
		840702EA23EAB28B00370C75 /* Assets.xcassets */ = {isa = PBXFileReference; lastKnownFileType = folder.assetcatalog; path = Assets.xcassets; sourceTree = "<group>"; };
		840702ED23EAB28B00370C75 /* Base */ = {isa = PBXFileReference; lastKnownFileType = file.storyboard; name = Base; path = Base.lproj/LaunchScreen.storyboard; sourceTree = "<group>"; };
		840702EF23EAB28B00370C75 /* Info.plist */ = {isa = PBXFileReference; lastKnownFileType = text.plist.xml; path = Info.plist; sourceTree = "<group>"; };
		840702F423EAB28B00370C75 /* flixsterTests.xctest */ = {isa = PBXFileReference; explicitFileType = wrapper.cfbundle; includeInIndex = 0; path = flixsterTests.xctest; sourceTree = BUILT_PRODUCTS_DIR; };
		840702F823EAB28B00370C75 /* flixsterTests.swift */ = {isa = PBXFileReference; lastKnownFileType = sourcecode.swift; path = flixsterTests.swift; sourceTree = "<group>"; };
		840702FA23EAB28B00370C75 /* Info.plist */ = {isa = PBXFileReference; lastKnownFileType = text.plist.xml; path = Info.plist; sourceTree = "<group>"; };
		840702FF23EAB28B00370C75 /* flixsterUITests.xctest */ = {isa = PBXFileReference; explicitFileType = wrapper.cfbundle; includeInIndex = 0; path = flixsterUITests.xctest; sourceTree = BUILT_PRODUCTS_DIR; };
		8407030323EAB28B00370C75 /* flixsterUITests.swift */ = {isa = PBXFileReference; lastKnownFileType = sourcecode.swift; path = flixsterUITests.swift; sourceTree = "<group>"; };
		8407030523EAB28B00370C75 /* Info.plist */ = {isa = PBXFileReference; lastKnownFileType = text.plist.xml; path = Info.plist; sourceTree = "<group>"; };
/* End PBXFileReference section */

/* Begin PBXFrameworksBuildPhase section */
		840702DB23EAB28A00370C75 /* Frameworks */ = {
			isa = PBXFrameworksBuildPhase;
			buildActionMask = 2147483647;
			files = (
			);
			runOnlyForDeploymentPostprocessing = 0;
		};
		840702F123EAB28B00370C75 /* Frameworks */ = {
			isa = PBXFrameworksBuildPhase;
			buildActionMask = 2147483647;
			files = (
			);
			runOnlyForDeploymentPostprocessing = 0;
		};
		840702FC23EAB28B00370C75 /* Frameworks */ = {
			isa = PBXFrameworksBuildPhase;
			buildActionMask = 2147483647;
			files = (
			);
			runOnlyForDeploymentPostprocessing = 0;
		};
/* End PBXFrameworksBuildPhase section */

/* Begin PBXGroup section */
		840702D523EAB28A00370C75 = {
			isa = PBXGroup;
			children = (
				840702E023EAB28A00370C75 /* flixster */,
				840702F723EAB28B00370C75 /* flixsterTests */,
				8407030223EAB28B00370C75 /* flixsterUITests */,
				840702DF23EAB28A00370C75 /* Products */,
			);
			sourceTree = "<group>";
		};
		840702DF23EAB28A00370C75 /* Products */ = {
			isa = PBXGroup;
			children = (
				840702DE23EAB28A00370C75 /* flixster.app */,
				840702F423EAB28B00370C75 /* flixsterTests.xctest */,
				840702FF23EAB28B00370C75 /* flixsterUITests.xctest */,
			);
			name = Products;
			sourceTree = "<group>";
		};
		840702E023EAB28A00370C75 /* flixster */ = {
			isa = PBXGroup;
			children = (
				840702E123EAB28A00370C75 /* AppDelegate.swift */,
				840702E323EAB28A00370C75 /* SceneDelegate.swift */,
				840702E523EAB28A00370C75 /* ViewController.swift */,
				840702E723EAB28A00370C75 /* Main.storyboard */,
				840702EA23EAB28B00370C75 /* Assets.xcassets */,
				840702EC23EAB28B00370C75 /* LaunchScreen.storyboard */,
				840702EF23EAB28B00370C75 /* Info.plist */,
			);
			path = flixster;
			sourceTree = "<group>";
		};
		840702F723EAB28B00370C75 /* flixsterTests */ = {
			isa = PBXGroup;
			children = (
				840702F823EAB28B00370C75 /* flixsterTests.swift */,
				840702FA23EAB28B00370C75 /* Info.plist */,
			);
			path = flixsterTests;
			sourceTree = "<group>";
		};
		8407030223EAB28B00370C75 /* flixsterUITests */ = {
			isa = PBXGroup;
			children = (
				8407030323EAB28B00370C75 /* flixsterUITests.swift */,
				8407030523EAB28B00370C75 /* Info.plist */,
			);
			path = flixsterUITests;
			sourceTree = "<group>";
		};
/* End PBXGroup section */

/* Begin PBXNativeTarget section */
		840702DD23EAB28A00370C75 /* flixster */ = {
			isa = PBXNativeTarget;
			buildConfigurationList = 8407030823EAB28B00370C75 /* Build configuration list for PBXNativeTarget "flixster" */;
			buildPhases = (
				840702DA23EAB28A00370C75 /* Sources */,
				840702DB23EAB28A00370C75 /* Frameworks */,
				840702DC23EAB28A00370C75 /* Resources */,
			);
			buildRules = (
			);
			dependencies = (
			);
			name = flixster;
			productName = flixster;
			productReference = 840702DE23EAB28A00370C75 /* flixster.app */;
			productType = "com.apple.product-type.application";
		};
		840702F323EAB28B00370C75 /* flixsterTests */ = {
			isa = PBXNativeTarget;
			buildConfigurationList = 8407030B23EAB28B00370C75 /* Build configuration list for PBXNativeTarget "flixsterTests" */;
			buildPhases = (
				840702F023EAB28B00370C75 /* Sources */,
				840702F123EAB28B00370C75 /* Frameworks */,
				840702F223EAB28B00370C75 /* Resources */,
			);
			buildRules = (
			);
			dependencies = (
				840702F623EAB28B00370C75 /* PBXTargetDependency */,
			);
			name = flixsterTests;
			productName = flixsterTests;
			productReference = 840702F423EAB28B00370C75 /* flixsterTests.xctest */;
			productType = "com.apple.product-type.bundle.unit-test";
		};
		840702FE23EAB28B00370C75 /* flixsterUITests */ = {
			isa = PBXNativeTarget;
			buildConfigurationList = 8407030E23EAB28B00370C75 /* Build configuration list for PBXNativeTarget "flixsterUITests" */;
			buildPhases = (
				840702FB23EAB28B00370C75 /* Sources */,
				840702FC23EAB28B00370C75 /* Frameworks */,
				840702FD23EAB28B00370C75 /* Resources */,
			);
			buildRules = (
			);
			dependencies = (
				8407030123EAB28B00370C75 /* PBXTargetDependency */,
			);
			name = flixsterUITests;
			productName = flixsterUITests;
			productReference = 840702FF23EAB28B00370C75 /* flixsterUITests.xctest */;
			productType = "com.apple.product-type.bundle.ui-testing";
		};
/* End PBXNativeTarget section */

/* Begin PBXProject section */
		840702D623EAB28A00370C75 /* Project object */ = {
			isa = PBXProject;
			attributes = {
				LastSwiftUpdateCheck = 1130;
				LastUpgradeCheck = 1130;
				ORGANIZATIONNAME = "Maryann Cortez";
				TargetAttributes = {
					840702DD23EAB28A00370C75 = {
						CreatedOnToolsVersion = 11.3.1;
					};
					840702F323EAB28B00370C75 = {
						CreatedOnToolsVersion = 11.3.1;
						TestTargetID = 840702DD23EAB28A00370C75;
					};
					840702FE23EAB28B00370C75 = {
						CreatedOnToolsVersion = 11.3.1;
						TestTargetID = 840702DD23EAB28A00370C75;
					};
				};
			};
			buildConfigurationList = 840702D923EAB28A00370C75 /* Build configuration list for PBXProject "flixster" */;
			compatibilityVersion = "Xcode 9.3";
			developmentRegion = en;
			hasScannedForEncodings = 0;
			knownRegions = (
				en,
				Base,
			);
			mainGroup = 840702D523EAB28A00370C75;
			productRefGroup = 840702DF23EAB28A00370C75 /* Products */;
			projectDirPath = "";
			projectRoot = "";
			targets = (
				840702DD23EAB28A00370C75 /* flixster */,
				840702F323EAB28B00370C75 /* flixsterTests */,
				840702FE23EAB28B00370C75 /* flixsterUITests */,
			);
		};
/* End PBXProject section */

/* Begin PBXResourcesBuildPhase section */
		840702DC23EAB28A00370C75 /* Resources */ = {
			isa = PBXResourcesBuildPhase;
			buildActionMask = 2147483647;
			files = (
				840702EE23EAB28B00370C75 /* LaunchScreen.storyboard in Resources */,
				840702EB23EAB28B00370C75 /* Assets.xcassets in Resources */,
				840702E923EAB28A00370C75 /* Main.storyboard in Resources */,
			);
			runOnlyForDeploymentPostprocessing = 0;
		};
		840702F223EAB28B00370C75 /* Resources */ = {
			isa = PBXResourcesBuildPhase;
			buildActionMask = 2147483647;
			files = (
			);
			runOnlyForDeploymentPostprocessing = 0;
		};
		840702FD23EAB28B00370C75 /* Resources */ = {
			isa = PBXResourcesBuildPhase;
			buildActionMask = 2147483647;
			files = (
			);
			runOnlyForDeploymentPostprocessing = 0;
		};
/* End PBXResourcesBuildPhase section */

/* Begin PBXSourcesBuildPhase section */
		840702DA23EAB28A00370C75 /* Sources */ = {
			isa = PBXSourcesBuildPhase;
			buildActionMask = 2147483647;
			files = (
				840702E623EAB28A00370C75 /* ViewController.swift in Sources */,
				840702E223EAB28A00370C75 /* AppDelegate.swift in Sources */,
				840702E423EAB28A00370C75 /* SceneDelegate.swift in Sources */,
			);
			runOnlyForDeploymentPostprocessing = 0;
		};
		840702F023EAB28B00370C75 /* Sources */ = {
			isa = PBXSourcesBuildPhase;
			buildActionMask = 2147483647;
			files = (
				840702F923EAB28B00370C75 /* flixsterTests.swift in Sources */,
			);
			runOnlyForDeploymentPostprocessing = 0;
		};
		840702FB23EAB28B00370C75 /* Sources */ = {
			isa = PBXSourcesBuildPhase;
			buildActionMask = 2147483647;
			files = (
				8407030423EAB28B00370C75 /* flixsterUITests.swift in Sources */,
			);
			runOnlyForDeploymentPostprocessing = 0;
		};
/* End PBXSourcesBuildPhase section */

/* Begin PBXTargetDependency section */
		840702F623EAB28B00370C75 /* PBXTargetDependency */ = {
			isa = PBXTargetDependency;
			target = 840702DD23EAB28A00370C75 /* flixster */;
			targetProxy = 840702F523EAB28B00370C75 /* PBXContainerItemProxy */;
		};
		8407030123EAB28B00370C75 /* PBXTargetDependency */ = {
			isa = PBXTargetDependency;
			target = 840702DD23EAB28A00370C75 /* flixster */;
			targetProxy = 8407030023EAB28B00370C75 /* PBXContainerItemProxy */;
		};
/* End PBXTargetDependency section */

/* Begin PBXVariantGroup section */
		840702E723EAB28A00370C75 /* Main.storyboard */ = {
			isa = PBXVariantGroup;
			children = (
				840702E823EAB28A00370C75 /* Base */,
			);
			name = Main.storyboard;
			sourceTree = "<group>";
		};
		840702EC23EAB28B00370C75 /* LaunchScreen.storyboard */ = {
			isa = PBXVariantGroup;
			children = (
				840702ED23EAB28B00370C75 /* Base */,
			);
			name = LaunchScreen.storyboard;
			sourceTree = "<group>";
		};
/* End PBXVariantGroup section */

/* Begin XCBuildConfiguration section */
		8407030623EAB28B00370C75 /* Debug */ = {
			isa = XCBuildConfiguration;
			buildSettings = {
				ALWAYS_SEARCH_USER_PATHS = NO;
				CLANG_ANALYZER_NONNULL = YES;
				CLANG_ANALYZER_NUMBER_OBJECT_CONVERSION = YES_AGGRESSIVE;
				CLANG_CXX_LANGUAGE_STANDARD = "gnu++14";
				CLANG_CXX_LIBRARY = "libc++";
				CLANG_ENABLE_MODULES = YES;
				CLANG_ENABLE_OBJC_ARC = YES;
				CLANG_ENABLE_OBJC_WEAK = YES;
				CLANG_WARN_BLOCK_CAPTURE_AUTORELEASING = YES;
				CLANG_WARN_BOOL_CONVERSION = YES;
				CLANG_WARN_COMMA = YES;
				CLANG_WARN_CONSTANT_CONVERSION = YES;
				CLANG_WARN_DEPRECATED_OBJC_IMPLEMENTATIONS = YES;
				CLANG_WARN_DIRECT_OBJC_ISA_USAGE = YES_ERROR;
				CLANG_WARN_DOCUMENTATION_COMMENTS = YES;
				CLANG_WARN_EMPTY_BODY = YES;
				CLANG_WARN_ENUM_CONVERSION = YES;
				CLANG_WARN_INFINITE_RECURSION = YES;
				CLANG_WARN_INT_CONVERSION = YES;
				CLANG_WARN_NON_LITERAL_NULL_CONVERSION = YES;
				CLANG_WARN_OBJC_IMPLICIT_RETAIN_SELF = YES;
				CLANG_WARN_OBJC_LITERAL_CONVERSION = YES;
				CLANG_WARN_OBJC_ROOT_CLASS = YES_ERROR;
				CLANG_WARN_RANGE_LOOP_ANALYSIS = YES;
				CLANG_WARN_STRICT_PROTOTYPES = YES;
				CLANG_WARN_SUSPICIOUS_MOVE = YES;
				CLANG_WARN_UNGUARDED_AVAILABILITY = YES_AGGRESSIVE;
				CLANG_WARN_UNREACHABLE_CODE = YES;
				CLANG_WARN__DUPLICATE_METHOD_MATCH = YES;
				COPY_PHASE_STRIP = NO;
				DEBUG_INFORMATION_FORMAT = dwarf;
				ENABLE_STRICT_OBJC_MSGSEND = YES;
				ENABLE_TESTABILITY = YES;
				GCC_C_LANGUAGE_STANDARD = gnu11;
				GCC_DYNAMIC_NO_PIC = NO;
				GCC_NO_COMMON_BLOCKS = YES;
				GCC_OPTIMIZATION_LEVEL = 0;
				GCC_PREPROCESSOR_DEFINITIONS = (
					"DEBUG=1",
					"$(inherited)",
				);
				GCC_WARN_64_TO_32_BIT_CONVERSION = YES;
				GCC_WARN_ABOUT_RETURN_TYPE = YES_ERROR;
				GCC_WARN_UNDECLARED_SELECTOR = YES;
				GCC_WARN_UNINITIALIZED_AUTOS = YES_AGGRESSIVE;
				GCC_WARN_UNUSED_FUNCTION = YES;
				GCC_WARN_UNUSED_VARIABLE = YES;
				IPHONEOS_DEPLOYMENT_TARGET = 13.2;
				MTL_ENABLE_DEBUG_INFO = INCLUDE_SOURCE;
				MTL_FAST_MATH = YES;
				ONLY_ACTIVE_ARCH = YES;
				SDKROOT = iphoneos;
				SWIFT_ACTIVE_COMPILATION_CONDITIONS = DEBUG;
				SWIFT_OPTIMIZATION_LEVEL = "-Onone";
			};
			name = Debug;
		};
		8407030723EAB28B00370C75 /* Release */ = {
			isa = XCBuildConfiguration;
			buildSettings = {
				ALWAYS_SEARCH_USER_PATHS = NO;
				CLANG_ANALYZER_NONNULL = YES;
				CLANG_ANALYZER_NUMBER_OBJECT_CONVERSION = YES_AGGRESSIVE;
				CLANG_CXX_LANGUAGE_STANDARD = "gnu++14";
				CLANG_CXX_LIBRARY = "libc++";
				CLANG_ENABLE_MODULES = YES;
				CLANG_ENABLE_OBJC_ARC = YES;
				CLANG_ENABLE_OBJC_WEAK = YES;
				CLANG_WARN_BLOCK_CAPTURE_AUTORELEASING = YES;
				CLANG_WARN_BOOL_CONVERSION = YES;
				CLANG_WARN_COMMA = YES;
				CLANG_WARN_CONSTANT_CONVERSION = YES;
				CLANG_WARN_DEPRECATED_OBJC_IMPLEMENTATIONS = YES;
				CLANG_WARN_DIRECT_OBJC_ISA_USAGE = YES_ERROR;
				CLANG_WARN_DOCUMENTATION_COMMENTS = YES;
				CLANG_WARN_EMPTY_BODY = YES;
				CLANG_WARN_ENUM_CONVERSION = YES;
				CLANG_WARN_INFINITE_RECURSION = YES;
				CLANG_WARN_INT_CONVERSION = YES;
				CLANG_WARN_NON_LITERAL_NULL_CONVERSION = YES;
				CLANG_WARN_OBJC_IMPLICIT_RETAIN_SELF = YES;
				CLANG_WARN_OBJC_LITERAL_CONVERSION = YES;
				CLANG_WARN_OBJC_ROOT_CLASS = YES_ERROR;
				CLANG_WARN_RANGE_LOOP_ANALYSIS = YES;
				CLANG_WARN_STRICT_PROTOTYPES = YES;
				CLANG_WARN_SUSPICIOUS_MOVE = YES;
				CLANG_WARN_UNGUARDED_AVAILABILITY = YES_AGGRESSIVE;
				CLANG_WARN_UNREACHABLE_CODE = YES;
				CLANG_WARN__DUPLICATE_METHOD_MATCH = YES;
				COPY_PHASE_STRIP = NO;
				DEBUG_INFORMATION_FORMAT = "dwarf-with-dsym";
				ENABLE_NS_ASSERTIONS = NO;
				ENABLE_STRICT_OBJC_MSGSEND = YES;
				GCC_C_LANGUAGE_STANDARD = gnu11;
				GCC_NO_COMMON_BLOCKS = YES;
				GCC_WARN_64_TO_32_BIT_CONVERSION = YES;
				GCC_WARN_ABOUT_RETURN_TYPE = YES_ERROR;
				GCC_WARN_UNDECLARED_SELECTOR = YES;
				GCC_WARN_UNINITIALIZED_AUTOS = YES_AGGRESSIVE;
				GCC_WARN_UNUSED_FUNCTION = YES;
				GCC_WARN_UNUSED_VARIABLE = YES;
				IPHONEOS_DEPLOYMENT_TARGET = 13.2;
				MTL_ENABLE_DEBUG_INFO = NO;
				MTL_FAST_MATH = YES;
				SDKROOT = iphoneos;
				SWIFT_COMPILATION_MODE = wholemodule;
				SWIFT_OPTIMIZATION_LEVEL = "-O";
				VALIDATE_PRODUCT = YES;
			};
			name = Release;
		};
		8407030923EAB28B00370C75 /* Debug */ = {
			isa = XCBuildConfiguration;
			buildSettings = {
				ASSETCATALOG_COMPILER_APPICON_NAME = AppIcon;
				CODE_SIGN_STYLE = Automatic;
				INFOPLIST_FILE = flixster/Info.plist;
				LD_RUNPATH_SEARCH_PATHS = (
					"$(inherited)",
					"@executable_path/Frameworks",
				);
				PRODUCT_BUNDLE_IDENTIFIER = marcortez.csumb.flixster;
				PRODUCT_NAME = "$(TARGET_NAME)";
				SWIFT_VERSION = 5.0;
				TARGETED_DEVICE_FAMILY = "1,2";
			};
			name = Debug;
		};
		8407030A23EAB28B00370C75 /* Release */ = {
			isa = XCBuildConfiguration;
			buildSettings = {
				ASSETCATALOG_COMPILER_APPICON_NAME = AppIcon;
				CODE_SIGN_STYLE = Automatic;
				INFOPLIST_FILE = flixster/Info.plist;
				LD_RUNPATH_SEARCH_PATHS = (
					"$(inherited)",
					"@executable_path/Frameworks",
				);
				PRODUCT_BUNDLE_IDENTIFIER = marcortez.csumb.flixster;
				PRODUCT_NAME = "$(TARGET_NAME)";
				SWIFT_VERSION = 5.0;
				TARGETED_DEVICE_FAMILY = "1,2";
			};
			name = Release;
		};
		8407030C23EAB28B00370C75 /* Debug */ = {
			isa = XCBuildConfiguration;
			buildSettings = {
				ALWAYS_EMBED_SWIFT_STANDARD_LIBRARIES = YES;
				BUNDLE_LOADER = "$(TEST_HOST)";
				CODE_SIGN_STYLE = Automatic;
				INFOPLIST_FILE = flixsterTests/Info.plist;
				IPHONEOS_DEPLOYMENT_TARGET = 13.2;
				LD_RUNPATH_SEARCH_PATHS = (
					"$(inherited)",
					"@executable_path/Frameworks",
					"@loader_path/Frameworks",
				);
				PRODUCT_BUNDLE_IDENTIFIER = marcortez.csumb.flixsterTests;
				PRODUCT_NAME = "$(TARGET_NAME)";
				SWIFT_VERSION = 5.0;
				TARGETED_DEVICE_FAMILY = "1,2";
				TEST_HOST = "$(BUILT_PRODUCTS_DIR)/flixster.app/flixster";
			};
			name = Debug;
		};
		8407030D23EAB28B00370C75 /* Release */ = {
			isa = XCBuildConfiguration;
			buildSettings = {
				ALWAYS_EMBED_SWIFT_STANDARD_LIBRARIES = YES;
				BUNDLE_LOADER = "$(TEST_HOST)";
				CODE_SIGN_STYLE = Automatic;
				INFOPLIST_FILE = flixsterTests/Info.plist;
				IPHONEOS_DEPLOYMENT_TARGET = 13.2;
				LD_RUNPATH_SEARCH_PATHS = (
					"$(inherited)",
					"@executable_path/Frameworks",
					"@loader_path/Frameworks",
				);
				PRODUCT_BUNDLE_IDENTIFIER = marcortez.csumb.flixsterTests;
				PRODUCT_NAME = "$(TARGET_NAME)";
				SWIFT_VERSION = 5.0;
				TARGETED_DEVICE_FAMILY = "1,2";
				TEST_HOST = "$(BUILT_PRODUCTS_DIR)/flixster.app/flixster";
			};
			name = Release;
		};
		8407030F23EAB28B00370C75 /* Debug */ = {
			isa = XCBuildConfiguration;
			buildSettings = {
				ALWAYS_EMBED_SWIFT_STANDARD_LIBRARIES = YES;
				CODE_SIGN_STYLE = Automatic;
				INFOPLIST_FILE = flixsterUITests/Info.plist;
				LD_RUNPATH_SEARCH_PATHS = (
					"$(inherited)",
					"@executable_path/Frameworks",
					"@loader_path/Frameworks",
				);
				PRODUCT_BUNDLE_IDENTIFIER = marcortez.csumb.flixsterUITests;
				PRODUCT_NAME = "$(TARGET_NAME)";
				SWIFT_VERSION = 5.0;
				TARGETED_DEVICE_FAMILY = "1,2";
				TEST_TARGET_NAME = flixster;
			};
			name = Debug;
		};
		8407031023EAB28B00370C75 /* Release */ = {
			isa = XCBuildConfiguration;
			buildSettings = {
				ALWAYS_EMBED_SWIFT_STANDARD_LIBRARIES = YES;
				CODE_SIGN_STYLE = Automatic;
				INFOPLIST_FILE = flixsterUITests/Info.plist;
				LD_RUNPATH_SEARCH_PATHS = (
					"$(inherited)",
					"@executable_path/Frameworks",
					"@loader_path/Frameworks",
				);
				PRODUCT_BUNDLE_IDENTIFIER = marcortez.csumb.flixsterUITests;
				PRODUCT_NAME = "$(TARGET_NAME)";
				SWIFT_VERSION = 5.0;
				TARGETED_DEVICE_FAMILY = "1,2";
				TEST_TARGET_NAME = flixster;
			};
			name = Release;
		};
/* End XCBuildConfiguration section */

/* Begin XCConfigurationList section */
		840702D923EAB28A00370C75 /* Build configuration list for PBXProject "flixster" */ = {
			isa = XCConfigurationList;
			buildConfigurations = (
				8407030623EAB28B00370C75 /* Debug */,
				8407030723EAB28B00370C75 /* Release */,
			);
			defaultConfigurationIsVisible = 0;
			defaultConfigurationName = Release;
		};
		8407030823EAB28B00370C75 /* Build configuration list for PBXNativeTarget "flixster" */ = {
			isa = XCConfigurationList;
			buildConfigurations = (
				8407030923EAB28B00370C75 /* Debug */,
				8407030A23EAB28B00370C75 /* Release */,
			);
			defaultConfigurationIsVisible = 0;
			defaultConfigurationName = Release;
		};
		8407030B23EAB28B00370C75 /* Build configuration list for PBXNativeTarget "flixsterTests" */ = {
			isa = XCConfigurationList;
			buildConfigurations = (
				8407030C23EAB28B00370C75 /* Debug */,
				8407030D23EAB28B00370C75 /* Release */,
			);
			defaultConfigurationIsVisible = 0;
			defaultConfigurationName = Release;
		};
		8407030E23EAB28B00370C75 /* Build configuration list for PBXNativeTarget "flixsterUITests" */ = {
			isa = XCConfigurationList;
			buildConfigurations = (
				8407030F23EAB28B00370C75 /* Debug */,
				8407031023EAB28B00370C75 /* Release */,
			);
			defaultConfigurationIsVisible = 0;
			defaultConfigurationName = Release;
		};
/* End XCConfigurationList section */
	};
	rootObject = 840702D623EAB28A00370C75 /* Project object */;
}
